// !$*UTF8*$!
{
	archiveVersion = 1;
	classes = {
	};
	objectVersion = 46;
	objects = {

/* Begin PBXBuildFile section */
		ED14A1661E5473F300A5B543 /* AppDelegate.swift in Sources */ = {isa = PBXBuildFile; fileRef = ED14A1651E5473F300A5B543 /* AppDelegate.swift */; };
		ED14A1681E5473F300A5B543 /* ViewController.swift in Sources */ = {isa = PBXBuildFile; fileRef = ED14A1671E5473F300A5B543 /* ViewController.swift */; };
		ED14A16B1E5473F300A5B543 /* Main.storyboard in Resources */ = {isa = PBXBuildFile; fileRef = ED14A1691E5473F300A5B543 /* Main.storyboard */; };
		ED14A16D1E5473F300A5B543 /* Assets.xcassets in Resources */ = {isa = PBXBuildFile; fileRef = ED14A16C1E5473F300A5B543 /* Assets.xcassets */; };
		ED14A1701E5473F300A5B543 /* LaunchScreen.storyboard in Resources */ = {isa = PBXBuildFile; fileRef = ED14A16E1E5473F300A5B543 /* LaunchScreen.storyboard */; };
/* End PBXBuildFile section */

/* Begin PBXFileReference section */
		ED14A1621E5473F300A5B543 /* SwiftDocumentation.app */ = {isa = PBXFileReference; explicitFileType = wrapper.application; includeInIndex = 0; path = SwiftDocumentation.app; sourceTree = BUILT_PRODUCTS_DIR; };
		ED14A1651E5473F300A5B543 /* AppDelegate.swift */ = {isa = PBXFileReference; lastKnownFileType = sourcecode.swift; path = AppDelegate.swift; sourceTree = "<group>"; };
		ED14A1671E5473F300A5B543 /* ViewController.swift */ = {isa = PBXFileReference; lastKnownFileType = sourcecode.swift; path = ViewController.swift; sourceTree = "<group>"; };
		ED14A16A1E5473F300A5B543 /* Base */ = {isa = PBXFileReference; lastKnownFileType = file.storyboard; name = Base; path = Base.lproj/Main.storyboard; sourceTree = "<group>"; };
		ED14A16C1E5473F300A5B543 /* Assets.xcassets */ = {isa = PBXFileReference; lastKnownFileType = folder.assetcatalog; path = Assets.xcassets; sourceTree = "<group>"; };
		ED14A16F1E5473F300A5B543 /* Base */ = {isa = PBXFileReference; lastKnownFileType = file.storyboard; name = Base; path = Base.lproj/LaunchScreen.storyboard; sourceTree = "<group>"; };
		ED14A1711E5473F300A5B543 /* Info.plist */ = {isa = PBXFileReference; lastKnownFileType = text.plist.xml; path = Info.plist; sourceTree = "<group>"; };
/* End PBXFileReference section */

/* Begin PBXFrameworksBuildPhase section */
		ED14A15F1E5473F300A5B543 /* Frameworks */ = {
			isa = PBXFrameworksBuildPhase;
			buildActionMask = 2147483647;
			files = (
			);
			runOnlyForDeploymentPostprocessing = 0;
		};
/* End PBXFrameworksBuildPhase section */

/* Begin PBXGroup section */
		ED14A1591E5473F300A5B543 = {
			isa = PBXGroup;
			children = (
				ED14A1641E5473F300A5B543 /* SwiftDocumentation */,
				ED14A1631E5473F300A5B543 /* Products */,
			);
			sourceTree = "<group>";
		};
		ED14A1631E5473F300A5B543 /* Products */ = {
			isa = PBXGroup;
			children = (
				ED14A1621E5473F300A5B543 /* SwiftDocumentation.app */,
			);
			name = Products;
			sourceTree = "<group>";
		};
		ED14A1641E5473F300A5B543 /* SwiftDocumentation */ = {
			isa = PBXGroup;
			children = (
				ED14A1651E5473F300A5B543 /* AppDelegate.swift */,
				ED14A1671E5473F300A5B543 /* ViewController.swift */,
				ED14A1691E5473F300A5B543 /* Main.storyboard */,
				ED14A16C1E5473F300A5B543 /* Assets.xcassets */,
				ED14A16E1E5473F300A5B543 /* LaunchScreen.storyboard */,
				ED14A1711E5473F300A5B543 /* Info.plist */,
			);
			path = SwiftDocumentation;
			sourceTree = "<group>";
		};
/* End PBXGroup section */

/* Begin PBXNativeTarget section */
		ED14A1611E5473F300A5B543 /* SwiftDocumentation */ = {
			isa = PBXNativeTarget;
			buildConfigurationList = ED14A1741E5473F300A5B543 /* Build configuration list for PBXNativeTarget "SwiftDocumentation" */;
			buildPhases = (
				ED14A15E1E5473F300A5B543 /* Sources */,
				ED14A15F1E5473F300A5B543 /* Frameworks */,
				ED14A1601E5473F300A5B543 /* Resources */,
			);
			buildRules = (
			);
			dependencies = (
			);
			name = SwiftDocumentation;
			productName = SwiftDocumentation;
			productReference = ED14A1621E5473F300A5B543 /* SwiftDocumentation.app */;
			productType = "com.apple.product-type.application";
		};
/* End PBXNativeTarget section */

/* Begin PBXProject section */
		ED14A15A1E5473F300A5B543 /* Project object */ = {
			isa = PBXProject;
			attributes = {
				LastSwiftUpdateCheck = 0820;
				LastUpgradeCheck = 0820;
				ORGANIZATIONNAME = "Fernando García Fernández";
				TargetAttributes = {
					ED14A1611E5473F300A5B543 = {
						CreatedOnToolsVersion = 8.2.1;
						ProvisioningStyle = Automatic;
					};
				};
			};
			buildConfigurationList = ED14A15D1E5473F300A5B543 /* Build configuration list for PBXProject "SwiftDocumentation" */;
			compatibilityVersion = "Xcode 3.2";
			developmentRegion = English;
			hasScannedForEncodings = 0;
			knownRegions = (
				en,
				Base,
			);
			mainGroup = ED14A1591E5473F300A5B543;
			productRefGroup = ED14A1631E5473F300A5B543 /* Products */;
			projectDirPath = "";
			projectRoot = "";
			targets = (
				ED14A1611E5473F300A5B543 /* SwiftDocumentation */,
			);
		};
/* End PBXProject section */

/* Begin PBXResourcesBuildPhase section */
		ED14A1601E5473F300A5B543 /* Resources */ = {
			isa = PBXResourcesBuildPhase;
			buildActionMask = 2147483647;
			files = (
				ED14A1701E5473F300A5B543 /* LaunchScreen.storyboard in Resources */,
				ED14A16D1E5473F300A5B543 /* Assets.xcassets in Resources */,
				ED14A16B1E5473F300A5B543 /* Main.storyboard in Resources */,
			);
			runOnlyForDeploymentPostprocessing = 0;
		};
/* End PBXResourcesBuildPhase section */

/* Begin PBXSourcesBuildPhase section */
		ED14A15E1E5473F300A5B543 /* Sources */ = {
			isa = PBXSourcesBuildPhase;
			buildActionMask = 2147483647;
			files = (
				ED14A1681E5473F300A5B543 /* ViewController.swift in Sources */,
				ED14A1661E5473F300A5B543 /* AppDelegate.swift in Sources */,
			);
			runOnlyForDeploymentPostprocessing = 0;
		};
/* End PBXSourcesBuildPhase section */

/* Begin PBXVariantGroup section */
		ED14A1691E5473F300A5B543 /* Main.storyboard */ = {
			isa = PBXVariantGroup;
			children = (
				ED14A16A1E5473F300A5B543 /* Base */,
			);
			name = Main.storyboard;
			sourceTree = "<group>";
		};
		ED14A16E1E5473F300A5B543 /* LaunchScreen.storyboard */ = {
			isa = PBXVariantGroup;
			children = (
				ED14A16F1E5473F300A5B543 /* Base */,
			);
			name = LaunchScreen.storyboard;
			sourceTree = "<group>";
		};
/* End PBXVariantGroup section */

/* Begin XCBuildConfiguration section */
		ED14A1721E5473F300A5B543 /* Debug */ = {
			isa = XCBuildConfiguration;
			buildSettings = {
				ALWAYS_SEARCH_USER_PATHS = NO;
				CLANG_ANALYZER_NONNULL = YES;
				CLANG_CXX_LANGUAGE_STANDARD = "gnu++0x";
				CLANG_CXX_LIBRARY = "libc++";
				CLANG_ENABLE_MODULES = YES;
				CLANG_ENABLE_OBJC_ARC = YES;
				CLANG_WARN_BOOL_CONVERSION = YES;
				CLANG_WARN_CONSTANT_CONVERSION = YES;
				CLANG_WARN_DIRECT_OBJC_ISA_USAGE = YES_ERROR;
				CLANG_WARN_DOCUMENTATION_COMMENTS = YES;
				CLANG_WARN_EMPTY_BODY = YES;
				CLANG_WARN_ENUM_CONVERSION = YES;
				CLANG_WARN_INFINITE_RECURSION = YES;
				CLANG_WARN_INT_CONVERSION = YES;
				CLANG_WARN_OBJC_ROOT_CLASS = YES_ERROR;
				CLANG_WARN_SUSPICIOUS_MOVE = YES;
				CLANG_WARN_UNREACHABLE_CODE = YES;
				CLANG_WARN__DUPLICATE_METHOD_MATCH = YES;
				"CODE_SIGN_IDENTITY[sdk=iphoneos*]" = "iPhone Developer";
				COPY_PHASE_STRIP = NO;
				DEBUG_INFORMATION_FORMAT = dwarf;
				ENABLE_STRICT_OBJC_MSGSEND = YES;
				ENABLE_TESTABILITY = YES;
				GCC_C_LANGUAGE_STANDARD = gnu99;
				GCC_DYNAMIC_NO_PIC = NO;
				GCC_NO_COMMON_BLOCKS = YES;
				GCC_OPTIMIZATION_LEVEL = 0;
				GCC_PREPROCESSOR_DEFINITIONS = (
					"DEBUG=1",
					"$(inherited)",
				);
				GCC_WARN_64_TO_32_BIT_CONVERSION = YES;
				GCC_WARN_ABOUT_RETURN_TYPE = YES_ERROR;
				GCC_WARN_UNDECLARED_SELECTOR = YES;
				GCC_WARN_UNINITIALIZED_AUTOS = YES_AGGRESSIVE;
				GCC_WARN_UNUSED_FUNCTION = YES;
				GCC_WARN_UNUSED_VARIABLE = YES;
				IPHONEOS_DEPLOYMENT_TARGET = 10.2;
				MTL_ENABLE_DEBUG_INFO = YES;
				ONLY_ACTIVE_ARCH = YES;
				SDKROOT = iphoneos;
				SWIFT_ACTIVE_COMPILATION_CONDITIONS = DEBUG;
				SWIFT_OPTIMIZATION_LEVEL = "-Onone";
			};
			name = Debug;
		};
		ED14A1731E5473F300A5B543 /* Release */ = {
			isa = XCBuildConfiguration;
			buildSettings = {
				ALWAYS_SEARCH_USER_PATHS = NO;
				CLANG_ANALYZER_NONNULL = YES;
				CLANG_CXX_LANGUAGE_STANDARD = "gnu++0x";
				CLANG_CXX_LIBRARY = "libc++";
				CLANG_ENABLE_MODULES = YES;
				CLANG_ENABLE_OBJC_ARC = YES;
				CLANG_WARN_BOOL_CONVERSION = YES;
				CLANG_WARN_CONSTANT_CONVERSION = YES;
				CLANG_WARN_DIRECT_OBJC_ISA_USAGE = YES_ERROR;
				CLANG_WARN_DOCUMENTATION_COMMENTS = YES;
				CLANG_WARN_EMPTY_BODY = YES;
				CLANG_WARN_ENUM_CONVERSION = YES;
				CLANG_WARN_INFINITE_RECURSION = YES;
				CLANG_WARN_INT_CONVERSION = YES;
				CLANG_WARN_OBJC_ROOT_CLASS = YES_ERROR;
				CLANG_WARN_SUSPICIOUS_MOVE = YES;
				CLANG_WARN_UNREACHABLE_CODE = YES;
				CLANG_WARN__DUPLICATE_METHOD_MATCH = YES;
				"CODE_SIGN_IDENTITY[sdk=iphoneos*]" = "iPhone Developer";
				COPY_PHASE_STRIP = NO;
				DEBUG_INFORMATION_FORMAT = "dwarf-with-dsym";
				ENABLE_NS_ASSERTIONS = NO;
				ENABLE_STRICT_OBJC_MSGSEND = YES;
				GCC_C_LANGUAGE_STANDARD = gnu99;
				GCC_NO_COMMON_BLOCKS = YES;
				GCC_WARN_64_TO_32_BIT_CONVERSION = YES;
				GCC_WARN_ABOUT_RETURN_TYPE = YES_ERROR;
				GCC_WARN_UNDECLARED_SELECTOR = YES;
				GCC_WARN_UNINITIALIZED_AUTOS = YES_AGGRESSIVE;
				GCC_WARN_UNUSED_FUNCTION = YES;
				GCC_WARN_UNUSED_VARIABLE = YES;
				IPHONEOS_DEPLOYMENT_TARGET = 10.2;
				MTL_ENABLE_DEBUG_INFO = NO;
				SDKROOT = iphoneos;
				SWIFT_OPTIMIZATION_LEVEL = "-Owholemodule";
				VALIDATE_PRODUCT = YES;
			};
			name = Release;
		};
		ED14A1751E5473F300A5B543 /* Debug */ = {
			isa = XCBuildConfiguration;
			buildSettings = {
				ASSETCATALOG_COMPILER_APPICON_NAME = AppIcon;
				INFOPLIST_FILE = SwiftDocumentation/Info.plist;
				LD_RUNPATH_SEARCH_PATHS = "$(inherited) @executable_path/Frameworks";
				PRODUCT_BUNDLE_IDENTIFIER = Tecnilogica.SwiftDocumentation;
				PRODUCT_NAME = "$(TARGET_NAME)";
				SWIFT_VERSION = 3.0;
			};
			name = Debug;
		};
		ED14A1761E5473F300A5B543 /* Release */ = {
			isa = XCBuildConfiguration;
			buildSettings = {
				ASSETCATALOG_COMPILER_APPICON_NAME = AppIcon;
				INFOPLIST_FILE = SwiftDocumentation/Info.plist;
				LD_RUNPATH_SEARCH_PATHS = "$(inherited) @executable_path/Frameworks";
				PRODUCT_BUNDLE_IDENTIFIER = Tecnilogica.SwiftDocumentation;
				PRODUCT_NAME = "$(TARGET_NAME)";
				SWIFT_VERSION = 3.0;
			};
			name = Release;
		};
/* End XCBuildConfiguration section */

/* Begin XCConfigurationList section */
		ED14A15D1E5473F300A5B543 /* Build configuration list for PBXProject "SwiftDocumentation" */ = {
			isa = XCConfigurationList;
			buildConfigurations = (
				ED14A1721E5473F300A5B543 /* Debug */,
				ED14A1731E5473F300A5B543 /* Release */,
			);
			defaultConfigurationIsVisible = 0;
			defaultConfigurationName = Release;
		};
		ED14A1741E5473F300A5B543 /* Build configuration list for PBXNativeTarget "SwiftDocumentation" */ = {
			isa = XCConfigurationList;
			buildConfigurations = (
				ED14A1751E5473F300A5B543 /* Debug */,
				ED14A1761E5473F300A5B543 /* Release */,
			);
			defaultConfigurationIsVisible = 0;
		};
/* End XCConfigurationList section */
	};
	rootObject = ED14A15A1E5473F300A5B543 /* Project object */;
}
